
Microsoft Visual Studio Solution File, Format Version 12.00
# Visual Studio Version 17
VisualStudioVersion = 17.8.34330.188
MinimumVisualStudioVersion = 10.0.40219.1
Project("{FAE04EC0-301F-11D3-BF4B-00C04F79EFBC}") = "TrainingSkeleton", "TrainingSkeleton.csproj", "{2D17B55B-8DFF-499D-B8E6-8B8240DA2B2E}"
EndProject
Global
	GlobalSection(SolutionConfigurationPlatforms) = preSolution
		Debug|Any CPU = Debug|Any CPU
		Release|Any CPU = Release|Any CPU
	EndGlobalSection
	GlobalSection(ProjectConfigurationPlatforms) = postSolution
		{2D17B55B-8DFF-499D-B8E6-8B8240DA2B2E}.Debug|Any CPU.ActiveCfg = Debug|Any CPU
		{2D17B55B-8DFF-499D-B8E6-8B8240DA2B2E}.Debug|Any CPU.Build.0 = Debug|Any CPU
		{2D17B55B-8DFF-499D-B8E6-8B8240DA2B2E}.Release|Any CPU.ActiveCfg = Release|Any CPU
		{2D17B55B-8DFF-499D-B8E6-8B8240DA2B2E}.Release|Any CPU.Build.0 = Release|Any CPU
	EndGlobalSection
	GlobalSection(SolutionProperties) = preSolution
		HideSolutionNode = FALSE
	EndGlobalSection
	GlobalSection(ExtensibilityGlobals) = postSolution
		SolutionGuid = {73272D46-899D-4F9E-8812-98D9763D8DC1}
	EndGlobalSection
EndGlobal
